
Microsoft Visual Studio Solution File, Format Version 12.00
# Visual Studio Version 18
VisualStudioVersion = 18.8.12023.21 stable
MinimumVisualStudioVersion = 10.0.40219.1
Project("{FAE04EC0-301F-11D3-BF4B-00C04F79EFBC}") = "OneNoteMcp.Core", "OneNoteMcp.Core\OneNoteMcp.Core.csproj", "{CD682BC7-016B-46BA-8CDB-B05BCD8FF7E8}"
EndProject
Project("{FAE04EC0-301F-11D3-BF4B-00C04F79EFBC}") = "OneNoteMcp.Server", "OneNoteMcp.Server\OneNoteMcp.Server.csproj", "{26FA19DB-C9AA-48B1-B183-33BEF85686B5}"
EndProject
Project("{FAE04EC0-301F-11D3-BF4B-00C04F79EFBC}") = "OneNoteMcp.Tests", "OneNoteMcp.Tests\OneNoteMcp.Tests.csproj", "{3FB0FEE5-6108-4CA1-8340-EA3F8960F845}"
EndProject
Project("{2150E333-8FDC-42A3-9474-1A3956D46DE8}") = "Solution Items", "Solution Items", "{E65E1B93-066E-4ADE-943C-2252C7DD4B12}"
	ProjectSection(SolutionItems) = preProject
		README.md = README.md
	EndProjectSection
EndProject
Global
	GlobalSection(SolutionConfigurationPlatforms) = preSolution
		Debug|Any CPU = Debug|Any CPU
		Debug|x64 = Debug|x64
		Debug|x86 = Debug|x86
		Release|Any CPU = Release|Any CPU
		Release|x64 = Release|x64
		Release|x86 = Release|x86
	EndGlobalSection
	GlobalSection(ProjectConfigurationPlatforms) = postSolution
		{CD682BC7-016B-46BA-8CDB-B05BCD8FF7E8}.Debug|Any CPU.ActiveCfg = Debug|Any CPU
		{CD682BC7-016B-46BA-8CDB-B05BCD8FF7E8}.Debug|Any CPU.Build.0 = Debug|Any CPU
		{CD682BC7-016B-46BA-8CDB-B05BCD8FF7E8}.Debug|x64.ActiveCfg = Debug|Any CPU
		{CD682BC7-016B-46BA-8CDB-B05BCD8FF7E8}.Debug|x64.Build.0 = Debug|Any CPU
		{CD682BC7-016B-46BA-8CDB-B05BCD8FF7E8}.Debug|x86.ActiveCfg = Debug|Any CPU
		{CD682BC7-016B-46BA-8CDB-B05BCD8FF7E8}.Debug|x86.Build.0 = Debug|Any CPU
		{CD682BC7-016B-46BA-8CDB-B05BCD8FF7E8}.Release|Any CPU.ActiveCfg = Release|Any CPU
		{CD682BC7-016B-46BA-8CDB-B05BCD8FF7E8}.Release|Any CPU.Build.0 = Release|Any CPU
		{CD682BC7-016B-46BA-8CDB-B05BCD8FF7E8}.Release|x64.ActiveCfg = Release|Any CPU
		{CD682BC7-016B-46BA-8CDB-B05BCD8FF7E8}.Release|x64.Build.0 = Release|Any CPU
		{CD682BC7-016B-46BA-8CDB-B05BCD8FF7E8}.Release|x86.ActiveCfg = Release|Any CPU
		{CD682BC7-016B-46BA-8CDB-B05BCD8FF7E8}.Release|x86.Build.0 = Release|Any CPU
		{26FA19DB-C9AA-48B1-B183-33BEF85686B5}.Debug|Any CPU.ActiveCfg = Debug|Any CPU
		{26FA19DB-C9AA-48B1-B183-33BEF85686B5}.Debug|Any CPU.Build.0 = Debug|Any CPU
		{26FA19DB-C9AA-48B1-B183-33BEF85686B5}.Debug|x64.ActiveCfg = Debug|Any CPU
		{26FA19DB-C9AA-48B1-B183-33BEF85686B5}.Debug|x64.Build.0 = Debug|Any CPU
		{26FA19DB-C9AA-48B1-B183-33BEF85686B5}.Debug|x86.ActiveCfg = Debug|Any CPU
		{26FA19DB-C9AA-48B1-B183-33BEF85686B5}.Debug|x86.Build.0 = Debug|Any CPU
		{26FA19DB-C9AA-48B1-B183-33BEF85686B5}.Release|Any CPU.ActiveCfg = Release|Any CPU
		{26FA19DB-C9AA-48B1-B183-33BEF85686B5}.Release|Any CPU.Build.0 = Release|Any CPU
		{26FA19DB-C9AA-48B1-B183-33BEF85686B5}.Release|x64.ActiveCfg = Release|Any CPU
		{26FA19DB-C9AA-48B1-B183-33BEF85686B5}.Release|x64.Build.0 = Release|Any CPU
		{26FA19DB-C9AA-48B1-B183-33BEF85686B5}.Release|x86.ActiveCfg = Release|Any CPU
		{26FA19DB-C9AA-48B1-B183-33BEF85686B5}.Release|x86.Build.0 = Release|Any CPU
		{3FB0FEE5-6108-4CA1-8340-EA3F8960F845}.Debug|Any CPU.ActiveCfg = Debug|Any CPU
		{3FB0FEE5-6108-4CA1-8340-EA3F8960F845}.Debug|Any CPU.Build.0 = Debug|Any CPU
		{3FB0FEE5-6108-4CA1-8340-EA3F8960F845}.Debug|x64.ActiveCfg = Debug|Any CPU
		{3FB0FEE5-6108-4CA1-8340-EA3F8960F845}.Debug|x64.Build.0 = Debug|Any CPU
		{3FB0FEE5-6108-4CA1-8340-EA3F8960F845}.Debug|x86.ActiveCfg = Debug|Any CPU
		{3FB0FEE5-6108-4CA1-8340-EA3F8960F845}.Debug|x86.Build.0 = Debug|Any CPU
		{3FB0FEE5-6108-4CA1-8340-EA3F8960F845}.Release|Any CPU.ActiveCfg = Release|Any CPU
		{3FB0FEE5-6108-4CA1-8340-EA3F8960F845}.Release|Any CPU.Build.0 = Release|Any CPU
		{3FB0FEE5-6108-4CA1-8340-EA3F8960F845}.Release|x64.ActiveCfg = Release|Any CPU
		{3FB0FEE5-6108-4CA1-8340-EA3F8960F845}.Release|x64.Build.0 = Release|Any CPU
		{3FB0FEE5-6108-4CA1-8340-EA3F8960F845}.Release|x86.ActiveCfg = Release|Any CPU
		{3FB0FEE5-6108-4CA1-8340-EA3F8960F845}.Release|x86.Build.0 = Release|Any CPU
	EndGlobalSection
	GlobalSection(SolutionProperties) = preSolution
		HideSolutionNode = FALSE
	EndGlobalSection
	GlobalSection(ExtensibilityGlobals) = postSolution
		SolutionGuid = {606895E2-4D43-4A8C-8E42-337EA9CFF0C1}
	EndGlobalSection
EndGlobal
